 [HttpPost("Image")]
 public async Task<ActionResult> Create(User user)
 {
     if (user.UserName == null)
     {
         return Content("Invalid Submission");
     }

     var userModel = new User
     {
         FirstName = user.FirstName,
         LastName = user.LastName,
         RoleId = user.RoleId,
         ImgName = user.ImgName
     };
     context.Users.Add(userModel);
     await context.SaveChangesAsync();
     var lastUserId = userModel.UserId;

     foreach (var item in user.ImgName)
     {
         if (item.FileName == null || item.FileName.Length == 0)
         {
             return Content("File Not Selected");
         }

         using (FileStream stream = new FileStream(path, (FileAccess)FileMode.Create))
         {
             await item.CopyToAsync(stream);
             stream.Close();
         }

     }
     return Ok(userModel);
 }
