[ApiController]
[Route("api/[controller]")]
public class UserController : ControllerBase
{
    private readonly ApplicationDbContext _context;

    public UserController(ApplicationDbContext context)
    {
        _context = context;
    }

    [HttpPost("upload-image")]
    public async Task<IActionResult> UploadImage([FromForm] ImageUploadRequest request)
    {
        if (request.ImageFile == null || request.ImageFile.Length == 0)
        {
            return BadRequest("No image file provided.");
        }

        // Find the user in the database
        var user = await _context.Users.FindAsync(request.UserId);
        if (user == null)
        {
            return NotFound("User not found.");
        }

        try
        {
            // Convert the image file to a byte array
            byte[] imgBytes;
            using (var ms = new MemoryStream())
            {
                await request.ImageFile.CopyToAsync(ms);
                imgBytes = ms.ToArray();
            }

            // Update user with image data
            user.ImgName = request.ImgName;
            user.ImgSize = imgBytes;

            // Save changes to the database
            _context.Users.Update(user);
            await _context.SaveChangesAsync();

            return Ok("Image uploaded and stored successfully.");
        }
        catch (Exception ex)
        {
            return StatusCode(500, $"Internal server error: {ex.Message}");
        }
    }
}
